
Microsoft Visual Studio Solution File, Format Version 12.00
# Visual Studio Version 16
VisualStudioVersion = 16.0.28407.52
MinimumVisualStudioVersion = 10.0.40219.1
Project("{9A19103F-16F7-4668-BE54-9A1E7A4F7556}") = "Recollectable.Tests", "Recollectable.Tests\Recollectable.Tests.csproj", "{5AC9C61E-C382-4DAB-B534-7E206611DF63}"
EndProject
Project("{9A19103F-16F7-4668-BE54-9A1E7A4F7556}") = "Recollectable.API", "Recollectable.API\Recollectable.API.csproj", "{783D0134-CB21-4F9E-840B-B16288A97812}"
EndProject
Project("{9A19103F-16F7-4668-BE54-9A1E7A4F7556}") = "Recollectable.Infrastructure", "Recollectable.Infrastructure\Recollectable.Infrastructure.csproj", "{ADA5AF8E-BA5C-4A37-99A8-74E30B00FFB7}"
EndProject
Project("{9A19103F-16F7-4668-BE54-9A1E7A4F7556}") = "Recollectable.Core", "Recollectable.Core\Recollectable.Core.csproj", "{7F99EC60-FFC3-4FE4-A143-178E7014B556}"
EndProject
Global
	GlobalSection(SolutionConfigurationPlatforms) = preSolution
		Debug|Any CPU = Debug|Any CPU
		Release|Any CPU = Release|Any CPU
	EndGlobalSection
	GlobalSection(ProjectConfigurationPlatforms) = postSolution
		{5AC9C61E-C382-4DAB-B534-7E206611DF63}.Debug|Any CPU.ActiveCfg = Debug|Any CPU
		{5AC9C61E-C382-4DAB-B534-7E206611DF63}.Debug|Any CPU.Build.0 = Debug|Any CPU
		{5AC9C61E-C382-4DAB-B534-7E206611DF63}.Release|Any CPU.ActiveCfg = Release|Any CPU
		{5AC9C61E-C382-4DAB-B534-7E206611DF63}.Release|Any CPU.Build.0 = Release|Any CPU
		{783D0134-CB21-4F9E-840B-B16288A97812}.Debug|Any CPU.ActiveCfg = Debug|Any CPU
		{783D0134-CB21-4F9E-840B-B16288A97812}.Debug|Any CPU.Build.0 = Debug|Any CPU
		{783D0134-CB21-4F9E-840B-B16288A97812}.Release|Any CPU.ActiveCfg = Release|Any CPU
		{783D0134-CB21-4F9E-840B-B16288A97812}.Release|Any CPU.Build.0 = Release|Any CPU
		{ADA5AF8E-BA5C-4A37-99A8-74E30B00FFB7}.Debug|Any CPU.ActiveCfg = Debug|Any CPU
		{ADA5AF8E-BA5C-4A37-99A8-74E30B00FFB7}.Debug|Any CPU.Build.0 = Debug|Any CPU
		{ADA5AF8E-BA5C-4A37-99A8-74E30B00FFB7}.Release|Any CPU.ActiveCfg = Release|Any CPU
		{ADA5AF8E-BA5C-4A37-99A8-74E30B00FFB7}.Release|Any CPU.Build.0 = Release|Any CPU
		{7F99EC60-FFC3-4FE4-A143-178E7014B556}.Debug|Any CPU.ActiveCfg = Debug|Any CPU
		{7F99EC60-FFC3-4FE4-A143-178E7014B556}.Debug|Any CPU.Build.0 = Debug|Any CPU
		{7F99EC60-FFC3-4FE4-A143-178E7014B556}.Release|Any CPU.ActiveCfg = Release|Any CPU
		{7F99EC60-FFC3-4FE4-A143-178E7014B556}.Release|Any CPU.Build.0 = Release|Any CPU
	EndGlobalSection
	GlobalSection(SolutionProperties) = preSolution
		HideSolutionNode = FALSE
	EndGlobalSection
	GlobalSection(ExtensibilityGlobals) = postSolution
		SolutionGuid = {A589F53C-E638-4194-8654-09A3EBBED838}
	EndGlobalSection
EndGlobal
