
Microsoft Visual Studio Solution File, Format Version 12.00
# Visual Studio 15
VisualStudioVersion = 15.0.27703.2042
MinimumVisualStudioVersion = 10.0.40219.1
Project("{9A19103F-16F7-4668-BE54-9A1E7A4F7556}") = "Recollectable.Data", "Recollectable.Data\Recollectable.Data.csproj", "{8CE5B258-95DC-48BF-B2E0-448478ED5921}"
EndProject
Project("{9A19103F-16F7-4668-BE54-9A1E7A4F7556}") = "Recollectable.Domain", "Recollectable.Domain\Recollectable.Domain.csproj", "{AFC4B26E-809D-4A9D-9E6E-1082F56D1700}"
EndProject
Project("{9A19103F-16F7-4668-BE54-9A1E7A4F7556}") = "Recollectable.Tests", "Recollectable.Tests\Recollectable.Tests.csproj", "{5AC9C61E-C382-4DAB-B534-7E206611DF63}"
EndProject
Project("{9A19103F-16F7-4668-BE54-9A1E7A4F7556}") = "Recollectable.API", "Recollectable.API\Recollectable.API.csproj", "{783D0134-CB21-4F9E-840B-B16288A97812}"
EndProject
Global
	GlobalSection(SolutionConfigurationPlatforms) = preSolution
		Debug|Any CPU = Debug|Any CPU
		Release|Any CPU = Release|Any CPU
	EndGlobalSection
	GlobalSection(ProjectConfigurationPlatforms) = postSolution
		{8CE5B258-95DC-48BF-B2E0-448478ED5921}.Debug|Any CPU.ActiveCfg = Debug|Any CPU
		{8CE5B258-95DC-48BF-B2E0-448478ED5921}.Debug|Any CPU.Build.0 = Debug|Any CPU
		{8CE5B258-95DC-48BF-B2E0-448478ED5921}.Release|Any CPU.ActiveCfg = Release|Any CPU
		{8CE5B258-95DC-48BF-B2E0-448478ED5921}.Release|Any CPU.Build.0 = Release|Any CPU
		{AFC4B26E-809D-4A9D-9E6E-1082F56D1700}.Debug|Any CPU.ActiveCfg = Debug|Any CPU
		{AFC4B26E-809D-4A9D-9E6E-1082F56D1700}.Debug|Any CPU.Build.0 = Debug|Any CPU
		{AFC4B26E-809D-4A9D-9E6E-1082F56D1700}.Release|Any CPU.ActiveCfg = Release|Any CPU
		{AFC4B26E-809D-4A9D-9E6E-1082F56D1700}.Release|Any CPU.Build.0 = Release|Any CPU
		{5AC9C61E-C382-4DAB-B534-7E206611DF63}.Debug|Any CPU.ActiveCfg = Debug|Any CPU
		{5AC9C61E-C382-4DAB-B534-7E206611DF63}.Debug|Any CPU.Build.0 = Debug|Any CPU
		{5AC9C61E-C382-4DAB-B534-7E206611DF63}.Release|Any CPU.ActiveCfg = Release|Any CPU
		{5AC9C61E-C382-4DAB-B534-7E206611DF63}.Release|Any CPU.Build.0 = Release|Any CPU
		{783D0134-CB21-4F9E-840B-B16288A97812}.Debug|Any CPU.ActiveCfg = Debug|Any CPU
		{783D0134-CB21-4F9E-840B-B16288A97812}.Debug|Any CPU.Build.0 = Debug|Any CPU
		{783D0134-CB21-4F9E-840B-B16288A97812}.Release|Any CPU.ActiveCfg = Release|Any CPU
		{783D0134-CB21-4F9E-840B-B16288A97812}.Release|Any CPU.Build.0 = Release|Any CPU
	EndGlobalSection
	GlobalSection(SolutionProperties) = preSolution
		HideSolutionNode = FALSE
	EndGlobalSection
	GlobalSection(ExtensibilityGlobals) = postSolution
		SolutionGuid = {A589F53C-E638-4194-8654-09A3EBBED838}
	EndGlobalSection
EndGlobal
